
Microsoft Visual Studio Solution File, Format Version 12.00
# Visual Studio Version 16
VisualStudioVersion = 16.0.31605.320
MinimumVisualStudioVersion = 10.0.40219.1
Project("{FAE04EC0-301F-11D3-BF4B-00C04F79EFBC}") = "VNEXPRESS", "VNEXPRESS\VNEXPRESS.csproj", "{484C906B-EB54-4DF0-827A-565CFFF2B934}"
EndProject
Project("{FAE04EC0-301F-11D3-BF4B-00C04F79EFBC}") = "DAL", "DAL\DAL.csproj", "{8908775E-ACA9-4A86-9DAC-0D0F5DA88642}"
EndProject
Project("{FAE04EC0-301F-11D3-BF4B-00C04F79EFBC}") = "BLL", "BLL\BLL.csproj", "{5B842D14-9AFD-4B08-8015-B4C8ED984D14}"
EndProject
Global
	GlobalSection(SolutionConfigurationPlatforms) = preSolution
		Debug|Any CPU = Debug|Any CPU
		Release|Any CPU = Release|Any CPU
	EndGlobalSection
	GlobalSection(ProjectConfigurationPlatforms) = postSolution
		{484C906B-EB54-4DF0-827A-565CFFF2B934}.Debug|Any CPU.ActiveCfg = Debug|Any CPU
		{484C906B-EB54-4DF0-827A-565CFFF2B934}.Debug|Any CPU.Build.0 = Debug|Any CPU
		{484C906B-EB54-4DF0-827A-565CFFF2B934}.Release|Any CPU.ActiveCfg = Release|Any CPU
		{484C906B-EB54-4DF0-827A-565CFFF2B934}.Release|Any CPU.Build.0 = Release|Any CPU
		{8908775E-ACA9-4A86-9DAC-0D0F5DA88642}.Debug|Any CPU.ActiveCfg = Debug|Any CPU
		{8908775E-ACA9-4A86-9DAC-0D0F5DA88642}.Debug|Any CPU.Build.0 = Debug|Any CPU
		{8908775E-ACA9-4A86-9DAC-0D0F5DA88642}.Release|Any CPU.ActiveCfg = Release|Any CPU
		{8908775E-ACA9-4A86-9DAC-0D0F5DA88642}.Release|Any CPU.Build.0 = Release|Any CPU
		{5B842D14-9AFD-4B08-8015-B4C8ED984D14}.Debug|Any CPU.ActiveCfg = Debug|Any CPU
		{5B842D14-9AFD-4B08-8015-B4C8ED984D14}.Debug|Any CPU.Build.0 = Debug|Any CPU
		{5B842D14-9AFD-4B08-8015-B4C8ED984D14}.Release|Any CPU.ActiveCfg = Release|Any CPU
		{5B842D14-9AFD-4B08-8015-B4C8ED984D14}.Release|Any CPU.Build.0 = Release|Any CPU
	EndGlobalSection
	GlobalSection(SolutionProperties) = preSolution
		HideSolutionNode = FALSE
	EndGlobalSection
	GlobalSection(ExtensibilityGlobals) = postSolution
		SolutionGuid = {FCC80BE9-A9FE-43F5-9ADA-22E30B222ED6}
	EndGlobalSection
EndGlobal
